
Microsoft Visual Studio Solution File, Format Version 12.00
# Visual Studio Version 17
VisualStudioVersion = 17.0.32112.339
MinimumVisualStudioVersion = 10.0.40219.1
Project("{9A19103F-16F7-4668-BE54-9A1E7A4F7556}") = "Bank1", "Bank1.csproj", "{64A5817B-04F8-4302-A3CF-1E051AD68016}"
EndProject
Project("{FAE04EC0-301F-11D3-BF4B-00C04F79EFBC}") = "Divorce", "..\Divorce\Divorce.csproj", "{7DE61DD0-1759-4A41-8810-63772426A130}"
EndProject
Project("{FAE04EC0-301F-11D3-BF4B-00C04F79EFBC}") = "BankClassLibrary", "..\BankClassLibrary\BankClassLibrary.csproj", "{5886C2BA-0AEB-4A31-A3B7-7281ABE476E2}"
EndProject
Global
	GlobalSection(SolutionConfigurationPlatforms) = preSolution
		Debug|Any CPU = Debug|Any CPU
		Release|Any CPU = Release|Any CPU
	EndGlobalSection
	GlobalSection(ProjectConfigurationPlatforms) = postSolution
		{64A5817B-04F8-4302-A3CF-1E051AD68016}.Debug|Any CPU.ActiveCfg = Debug|Any CPU
		{64A5817B-04F8-4302-A3CF-1E051AD68016}.Debug|Any CPU.Build.0 = Debug|Any CPU
		{64A5817B-04F8-4302-A3CF-1E051AD68016}.Release|Any CPU.ActiveCfg = Release|Any CPU
		{64A5817B-04F8-4302-A3CF-1E051AD68016}.Release|Any CPU.Build.0 = Release|Any CPU
		{7DE61DD0-1759-4A41-8810-63772426A130}.Debug|Any CPU.ActiveCfg = Debug|Any CPU
		{7DE61DD0-1759-4A41-8810-63772426A130}.Debug|Any CPU.Build.0 = Debug|Any CPU
		{7DE61DD0-1759-4A41-8810-63772426A130}.Release|Any CPU.ActiveCfg = Release|Any CPU
		{7DE61DD0-1759-4A41-8810-63772426A130}.Release|Any CPU.Build.0 = Release|Any CPU
		{5886C2BA-0AEB-4A31-A3B7-7281ABE476E2}.Debug|Any CPU.ActiveCfg = Debug|Any CPU
		{5886C2BA-0AEB-4A31-A3B7-7281ABE476E2}.Debug|Any CPU.Build.0 = Debug|Any CPU
		{5886C2BA-0AEB-4A31-A3B7-7281ABE476E2}.Release|Any CPU.ActiveCfg = Release|Any CPU
		{5886C2BA-0AEB-4A31-A3B7-7281ABE476E2}.Release|Any CPU.Build.0 = Release|Any CPU
	EndGlobalSection
	GlobalSection(SolutionProperties) = preSolution
		HideSolutionNode = FALSE
	EndGlobalSection
	GlobalSection(ExtensibilityGlobals) = postSolution
		SolutionGuid = {33CB590A-AFF8-40F6-BBBF-E7AF86A83BC0}
	EndGlobalSection
EndGlobal
